{
  "name": "drywall-toolbox-email-previewer",
  "version": "1.0.0",
  "lockfileVersion": 3,
  "requires": true,
  "packages": {
    "": {
      "name": "drywall-toolbox-email-previewer",
      "version": "1.0.0",
      "devDependencies": {
        "browser-sync": "^3.0.4"
      },
      "engines": {
        "node": ">=20"
      }
    }
  }
}
